
Microsoft Visual Studio Solution File, Format Version 12.00
# Visual Studio Version 17
VisualStudioVersion = 17.13.35913.81 d17.13
MinimumVisualStudioVersion = 10.0.40219.1
Project("{FAE04EC0-301F-11D3-BF4B-00C04F79EFBC}") = "quan_ly_cua_hang_ban_xe_may", "quan_ly_cua_hang_ban_xe_may.csproj", "{84A00B40-8791-4052-B9C4-82F86FBB60FE}"
EndProject
Global
	GlobalSection(SolutionConfigurationPlatforms) = preSolution
		Debug|Any CPU = Debug|Any CPU
		Release|Any CPU = Release|Any CPU
	EndGlobalSection
	GlobalSection(ProjectConfigurationPlatforms) = postSolution
		{84A00B40-8791-4052-B9C4-82F86FBB60FE}.Debug|Any CPU.ActiveCfg = Debug|Any CPU
		{84A00B40-8791-4052-B9C4-82F86FBB60FE}.Debug|Any CPU.Build.0 = Debug|Any CPU
		{84A00B40-8791-4052-B9C4-82F86FBB60FE}.Release|Any CPU.ActiveCfg = Release|Any CPU
		{84A00B40-8791-4052-B9C4-82F86FBB60FE}.Release|Any CPU.Build.0 = Release|Any CPU
	EndGlobalSection
	GlobalSection(SolutionProperties) = preSolution
		HideSolutionNode = FALSE
	EndGlobalSection
	GlobalSection(ExtensibilityGlobals) = postSolution
		SolutionGuid = {E739D54D-156D-40CB-B6C9-5AD73D1C1F77}
	EndGlobalSection
EndGlobal
